# This file was autogenerated by Stack.
# You should not edit this file by hand.
# For more information, please see the documentation at:
#   https://docs.haskellstack.org/en/stable/lock_files

packages:
- completed:
    pantry-tree:
      sha256: e72b648fe247341bd5e5c78832c9f405f038aa04c52375415a048bd584040884
      size: 1701
    hackage: scotty-0.12@sha256:955c5afe944856354cee693e5ca79570cb7a716e29395b715d8d70110c6311c5,5353
  original:
    hackage: scotty-0.12
- completed:
    pantry-tree:
      sha256: 2167369861c279fc99b2703e8a7cd924e64904fe0700778660eb835a9e73b2dc
      size: 4197
    hackage: postgresql-simple-0.6.4@sha256:081bdffa02b7d164bdda32d2ab79d681818bb71f3ecd14d83d60bca0f1585be1,5272
  original:
    hackage: postgresql-simple-0.6.4
- completed:
    pantry-tree:
      sha256: b1fd81329340a9c6eea4e78313d36c6a333a5de6032ec1536ff6c70a4300b46c
      size: 7720
    hackage: text-1.2.4.1@sha256:e12b468008b3c2bbc1f39bd2dcb75ba8f563c65aa5e54ee223b76463a845b6f1,7184
  original:
    hackage: text-1.2.4.1
- completed:
    pantry-tree:
      sha256: b6547599e564e528e357f236426fa8ed8bcc3e38b40b4c766a62fa22e0b5b930
      size: 38191
    hackage: aeson-2.1.0.0@sha256:18a5e5f6f4224d04565e97cec140affb1728c488bf07ef497430ef7d95cd05ff,5959
  original:
    hackage: aeson-2.1.0.0@sha256:18a5e5f6f4224d04565e97cec140affb1728c488bf07ef497430ef7d95cd05ff,5959
- completed:
    pantry-tree:
      sha256: 64edb51a988b4a362f0ba4172ad4e3d140ee69129dd68a4d08004fe506cc09ae
      size: 11169
    hackage: base-compat-batteries-0.12.1@sha256:ee819d7570b2fda1012d29db945a1778c388ef8c0c282e45c8fe4eae7616a25c,8891
  original:
    hackage: base-compat-batteries-0.12.1@sha256:ee819d7570b2fda1012d29db945a1778c388ef8c0c282e45c8fe4eae7616a25c,8891
- completed:
    pantry-tree:
      sha256: 5b6b4f7b1c9ca98bd7cb979849fc9e018b48ef49089c98b2766179b5087695ea
      size: 3102
    hackage: blaze-builder-0.4.2.2@sha256:f0017df374c330de0ebe0eb15eae8c48427bddefa1d81a3cb31c0a4812ecdb08,3685
  original:
    hackage: blaze-builder-0.4.2.2@sha256:f0017df374c330de0ebe0eb15eae8c48427bddefa1d81a3cb31c0a4812ecdb08,3685
- completed:
    pantry-tree:
      sha256: d6f175b17eacce002fc5336c17e119d989bd97f8ad9702446163c9e27c7c79b7
      size: 688
    hackage: case-insensitive-1.2.1.0@sha256:9dfd3171fc7698cf8d931727d3af3a7b389135b583e46b5adac1f9d2026fff61,2244
  original:
    hackage: case-insensitive-1.2.1.0@sha256:9dfd3171fc7698cf8d931727d3af3a7b389135b583e46b5adac1f9d2026fff61,2244
- completed:
    pantry-tree:
      sha256: 5017630b11698aefa65fc61cab84a257ce97833c968d425e1b2d53d6c3b5c096
      size: 224
    hackage: data-default-class-0.1.2.0@sha256:63e62120b7efd733a5a17cf59ceb43268e9a929c748127172d7d42f4a336e327,542
  original:
    hackage: data-default-class-0.1.2.0@sha256:63e62120b7efd733a5a17cf59ceb43268e9a929c748127172d7d42f4a336e327,542
- completed:
    pantry-tree:
      sha256: e4daa79eb6a4442ec85c86dfeb0eb4bf8624f8dcc5291a2216165120ecb77c13
      size: 210
    hackage: fail-4.9.0.0@sha256:35d1ee29364447c1b7d616bb1ee31f162b73e85fea91d7ca6441cf901398f572,1051
  original:
    hackage: fail-4.9.0.0@sha256:35d1ee29364447c1b7d616bb1ee31f162b73e85fea91d7ca6441cf901398f572,1051
- completed:
    pantry-tree:
      sha256: c9b77e1ba204fffbe4e1be80412bc48e47440a07e4b7db4cdc77d573a3e21b9a
      size: 833
    hackage: http-types-0.12.3@sha256:f35229edb1bc7b3ae27f961b2407dadb5bfa69d43a8f5337ab46cdc79ca4afe9,2035
  original:
    hackage: http-types-0.12.3@sha256:f35229edb1bc7b3ae27f961b2407dadb5bfa69d43a8f5337ab46cdc79ca4afe9,2035
- completed:
    pantry-tree:
      sha256: f6b2e10b7ad03cbc2bd1df28543c9d514d54bd39833e318b48e5f0998d876df5
      size: 292
    hackage: monad-control-1.0.3.1@sha256:2d657279839e1a760c86a69f00f0c36473ef6972d413ec0f83a40249c70e098e,2365
  original:
    hackage: monad-control-1.0.3.1@sha256:2d657279839e1a760c86a69f00f0c36473ef6972d413ec0f83a40249c70e098e,2365
- completed:
    pantry-tree:
      sha256: 595de3d3b440b2a8e54f169bf5efc21910b4198a3d79ccf9b4a54b456973a37a
      size: 523
    hackage: nats-1.1.2@sha256:604a8bc02bb3cb0331ab3b45eeaed54f8a78a1c34eea253688f06837f1f58c61,2749
  original:
    hackage: nats-1.1.2@sha256:604a8bc02bb3cb0331ab3b45eeaed54f8a78a1c34eea253688f06837f1f58c61,2749
- completed:
    pantry-tree:
      sha256: 1981a732d1917213de7f51d26255af733a61918c59eebb6c6f6ca939856839ef
      size: 3971
    hackage: network-3.1.2.7@sha256:e3d78b13db9512aeb106e44a334ab42b7aa48d26c097299084084cb8be5c5568,4888
  original:
    hackage: network-3.1.2.7@sha256:e3d78b13db9512aeb106e44a334ab42b7aa48d26c097299084084cb8be5c5568,4888
- completed:
    pantry-tree:
      sha256: 3e65e1219ca48e8988b93151ef6d3d705f57ae65f1ba91e8e8b626c2eaa6b43f
      size: 262
    hackage: regex-compat-0.95.2.1@sha256:96c83b06280ebfb6fef01864b2af9eb9e136a9832c563773f327d4197bbbb851,1705
  original:
    hackage: regex-compat-0.95.2.1@sha256:96c83b06280ebfb6fef01864b2af9eb9e136a9832c563773f327d4197bbbb851,1705
- completed:
    pantry-tree:
      sha256: 6c2d24a9678865e2a5f4b6286cb17228673a6987fb546bf07b89ffbd19716ad2
      size: 275
    hackage: transformers-base-0.4.6@sha256:6f18f320e371c8954c4b6b211e2fdd5d15a6d6310bd605b9d640f47ede408961,1643
  original:
    hackage: transformers-base-0.4.6@sha256:6f18f320e371c8954c4b6b211e2fdd5d15a6d6310bd605b9d640f47ede408961,1643
- completed:
    pantry-tree:
      sha256: f49610c6a2faf82111e5d4222576f4afbcfa904bf56665232c5aa077dfc7578f
      size: 1724
    hackage: transformers-compat-0.7.2@sha256:044fb9955f63ee138fcebedfdcbe54afe741f2d5892a2d0bdf3a8052bd342643,5601
  original:
    hackage: transformers-compat-0.7.2@sha256:044fb9955f63ee138fcebedfdcbe54afe741f2d5892a2d0bdf3a8052bd342643,5601
- completed:
    pantry-tree:
      sha256: 24294d24aa28d9eba747b796e49d32afcecda70ba0d446e4073d9b2581a90a6e
      size: 485
    hackage: wai-3.2.3@sha256:c7518618bdb842116dbc1a4e4553223799eef43add19278c2bbffb4536595fe0,1776
  original:
    hackage: wai-3.2.3@sha256:c7518618bdb842116dbc1a4e4553223799eef43add19278c2bbffb4536595fe0,1776
- completed:
    pantry-tree:
      sha256: 8fb350fc851448321f7ad059641e1263ac5a6724f4725daf233447e988197264
      size: 4403
    hackage: wai-extra-3.1.12.1@sha256:b1e9e5eccb4a51b77bb8c9aafd6840e918047ffd6048eb538ef34b61a9d2fe8d,7737
  original:
    hackage: wai-extra-3.1.12.1@sha256:b1e9e5eccb4a51b77bb8c9aafd6840e918047ffd6048eb538ef34b61a9d2fe8d,7737
- completed:
    pantry-tree:
      sha256: c56fb396d410fc2639b382f552f9aae140bc8dc405f4760629f2c52ca6cdcc5c
      size: 3973
    hackage: warp-3.3.21@sha256:a1b046f4690cb4bb1d351b22340eb5e23bef0a4940423190ea4c352e8388e7ff,11087
  original:
    hackage: warp-3.3.21@sha256:a1b046f4690cb4bb1d351b22340eb5e23bef0a4940423190ea4c352e8388e7ff,11087
- completed:
    pantry-tree:
      sha256: 4f20a5a33866171260d0ee1e256c27f53cc84d37a68d498c3e12347f4e3d05b4
      size: 878
    hackage: HUnit-1.6.2.0@sha256:1a79174e8af616117ad39464cac9de205ca923da6582825e97c10786fda933a4,1588
  original:
    hackage: HUnit-1.6.2.0@sha256:1a79174e8af616117ad39464cac9de205ca923da6582825e97c10786fda933a4,1588
- completed:
    pantry-tree:
      sha256: a685b08622f1fe0641e4f228a290878a1db4f7ef3eb63d00b10e8632097d1e6f
      size: 506
    hackage: OneTuple-0.3.1@sha256:a848c096c9d29e82ffdd30a9998aa2931cbccb3a1bc137539d80f6174d31603e,2262
  original:
    hackage: OneTuple-0.3.1@sha256:a848c096c9d29e82ffdd30a9998aa2931cbccb3a1bc137539d80f6174d31603e,2262
- completed:
    pantry-tree:
      sha256: 2fe423d0ed7cd64f0f165d708779f48814e66c4f181c568468134af55d86a5f8
      size: 2315
    hackage: QuickCheck-2.14.2@sha256:4ce29211223d5e6620ebceba34a3ca9ccf1c10c0cf387d48aea45599222ee5aa,7736
  original:
    hackage: QuickCheck-2.14.2@sha256:4ce29211223d5e6620ebceba34a3ca9ccf1c10c0cf387d48aea45599222ee5aa,7736
- completed:
    pantry-tree:
      sha256: 71d732f3f95c8ddcebaa7645ff743dd91e680b5b5063e8707ef53d2eaf94c94e
      size: 1461
    hackage: ansi-terminal-0.11.3@sha256:cc499d5f4c09a7213cd752ee69dbb5a5b8f3d1c777274e609eea4bca5c68ac8c,3321
  original:
    hackage: ansi-terminal-0.11.3@sha256:cc499d5f4c09a7213cd752ee69dbb5a5b8f3d1c777274e609eea4bca5c68ac8c,3321
- completed:
    pantry-tree:
      sha256: 5b8e087f73d334019252606b1f64b986cef61946a085ccb77c6bc4d038691c48
      size: 5039
    hackage: attoparsec-0.14.4@sha256:79584bdada8b730cb5138fca8c35c76fbef75fc1d1e01e6b1d815a5ee9843191,5810
  original:
    hackage: attoparsec-0.14.4@sha256:79584bdada8b730cb5138fca8c35c76fbef75fc1d1e01e6b1d815a5ee9843191,5810
- completed:
    pantry-tree:
      sha256: 5e27352ca8e89e569204445b3f7be4951afbcd10cbac701ece75d2070cbed130
      size: 828
    hackage: auto-update-0.1.6@sha256:10adca282e131a2fa01fb7a411b02811685c1cea02e9813df2d7fb468b5ef638,1373
  original:
    hackage: auto-update-0.1.6@sha256:10adca282e131a2fa01fb7a411b02811685c1cea02e9813df2d7fb468b5ef638,1373
- completed:
    pantry-tree:
      sha256: 2f2c14615443954f117613d77835234b598718e611fb4cf4522e01980bf1bcbd
      size: 9038
    hackage: base-compat-0.12.1@sha256:20e50848d9dfee1523fafe8950060b04fae43d402c15553da5c7cacd116f7846,6960
  original:
    hackage: base-compat-0.12.1@sha256:20e50848d9dfee1523fafe8950060b04fae43d402c15553da5c7cacd116f7846,6960
- completed:
    pantry-tree:
      sha256: f889d6903383305688e6e703982bfdc985649b7d4538429e44f98f99d8f73c07
      size: 1272
    hackage: base-orphans-0.8.6@sha256:eb6758d0160d607e0c45dbd6b196f515b9a589fd4f6d2f926929dd5d56282d37,3175
  original:
    hackage: base-orphans-0.8.6@sha256:eb6758d0160d607e0c45dbd6b196f515b9a589fd4f6d2f926929dd5d56282d37,3175
- completed:
    pantry-tree:
      sha256: 1154783dd163be45502456716ca44c4244d0aa6e7cf1aa4e7763efb3485a509c
      size: 850
    hackage: base64-bytestring-1.2.1.0@sha256:50ec0e229255d4c45cbdd568da011311b8887f304b931564886016f4984334d8,2396
  original:
    hackage: base64-bytestring-1.2.1.0@sha256:50ec0e229255d4c45cbdd568da011311b8887f304b931564886016f4984334d8,2396
- completed:
    pantry-tree:
      sha256: dfdd4147ba63807dc8b393e99061c5680822abd935bc60844fc9e1b23121ffa3
      size: 460
    hackage: bsb-http-chunked-0.0.0.4@sha256:add530e695ea3058bf4f7156a1ca85653ff3635b87ec6d1be8c4891645190f96,2678
  original:
    hackage: bsb-http-chunked-0.0.0.4@sha256:add530e695ea3058bf4f7156a1ca85653ff3635b87ec6d1be8c4891645190f96,2678
- completed:
    pantry-tree:
      sha256: 04134fa69cdd824b4e4bb7f77e7173e0705f27deabdbbf99549c549400191e1e
      size: 501
    hackage: call-stack-0.4.0@sha256:ac44d2c00931dc20b01750da8c92ec443eb63a7231e8550188cb2ac2385f7feb,1200
  original:
    hackage: call-stack-0.4.0@sha256:ac44d2c00931dc20b01750da8c92ec443eb63a7231e8550188cb2ac2385f7feb,1200
- completed:
    pantry-tree:
      sha256: 60ea383838fb35f55265cbf84905a8f17434bb498f90d691621cbd2156da43e4
      size: 360
    hackage: cookie-0.4.5@sha256:22bbe2bea34cfc546eaca2468386035fec521b8dbae52f5aa2f994ed68b35e0e,1448
  original:
    hackage: cookie-0.4.5@sha256:22bbe2bea34cfc546eaca2468386035fec521b8dbae52f5aa2f994ed68b35e0e,1448
- completed:
    pantry-tree:
      sha256: 327440e3a8d6c69617f67d49e3904c8d4b69558ea9f92f7856658b930ee64717
      size: 262
    hackage: data-fix-0.3.2@sha256:e909776381648a75e82438a40df33c05397b57119b80bb83e38189370319b67a,1692
  original:
    hackage: data-fix-0.3.2@sha256:e909776381648a75e82438a40df33c05397b57119b80bb83e38189370319b67a,1692
- completed:
    pantry-tree:
      sha256: 8467afe9c94b2756e5703fed0950b51418bd877acbdd72e9dc3488b8f28f4e82
      size: 953
    hackage: dlist-1.0@sha256:124cb3aa1decebd5171b46601b1f74cca6cfae12d266ace3799b86dd05ef7cb4,3560
  original:
    hackage: dlist-1.0@sha256:124cb3aa1decebd5171b46601b1f74cca6cfae12d266ace3799b86dd05ef7cb4,3560
- completed:
    pantry-tree:
      sha256: a3e9413b93e9a6ed6f786ba03866a7c9a3f04c0cd2a575d8b443338fdd55a0d6
      size: 1148
    hackage: fast-logger-3.1.1@sha256:9ffbb0d475edf6c3ed13cae0b24202a22a1a29848d9810785849f1f2332b6ee1,2398
  original:
    hackage: fast-logger-3.1.1@sha256:9ffbb0d475edf6c3ed13cae0b24202a22a1a29848d9810785849f1f2332b6ee1,2398
- completed:
    pantry-tree:
      sha256: 302b140ee5ccf6754ab96154486051f9ab989d3cbaa7c9674e1e9f0de7cdd07b
      size: 232
    hackage: generically-0.1@sha256:16d54a08bcdf708395c2200a28ffcba55e90479dc96ed617dbb94f0411f7a7af,1024
  original:
    hackage: generically-0.1@sha256:16d54a08bcdf708395c2200a28ffcba55e90479dc96ed617dbb94f0411f7a7af,1024
- completed:
    pantry-tree:
      sha256: 51dda0aa70849588d074125f324beba1c8736cfa486e7f4a90a798b1d0e6019d
      size: 1248
    hackage: hashable-1.4.0.2@sha256:0cddd0229d1aac305ea0404409c0bbfab81f075817bd74b8b2929eff58333e55,5005
  original:
    hackage: hashable-1.4.0.2@sha256:0cddd0229d1aac305ea0404409c0bbfab81f075817bd74b8b2929eff58333e55,5005
- completed:
    pantry-tree:
      sha256: 8b850ea9f5bdbe3430c305181f44dd02f96613a325f0d2cd1b68a2f024c4bda1
      size: 706
    hackage: http-date-0.0.11@sha256:b278b07f880705e3b0b073206ad26954548b666d616733c9a6b5d50993f547d4,1758
  original:
    hackage: http-date-0.0.11@sha256:b278b07f880705e3b0b073206ad26954548b666d616733c9a6b5d50993f547d4,1758
- completed:
    pantry-tree:
      sha256: 0a77b00489ad6da2c20f1f32abab01dab65886c9dfa52c31b2eab86f27648f1f
      size: 46005
    hackage: http2-3.0.3@sha256:309c7198fbccf136e949a2b630d7fec2557478c4af4a2c8c5523b71ec00c88b9,15906
  original:
    hackage: http2-3.0.3@sha256:309c7198fbccf136e949a2b630d7fec2557478c4af4a2c8c5523b71ec00c88b9,15906
- completed:
    pantry-tree:
      sha256: 7edfd8672d45016089df7227d9f6452117632a7236d4e71b24a2a1041cab4701
      size: 495
    hackage: indexed-traversable-0.1.2@sha256:d66228887242f93ccb4fc7101a1e25a6560c8e4708f6e9ee1d3dd21901756c65,2519
  original:
    hackage: indexed-traversable-0.1.2@sha256:d66228887242f93ccb4fc7101a1e25a6560c8e4708f6e9ee1d3dd21901756c65,2519
- completed:
    pantry-tree:
      sha256: 0f4179868c6f644d7ba8d4d6ccaefd13ae17ff1cd188c924ef4c2db40d1c4f02
      size: 962
    hackage: iproute-1.7.12@sha256:85d181599fab8ceebf4c849110ad571bea2834d6c8c95ae7da33856c42453f40,2999
  original:
    hackage: iproute-1.7.12@sha256:85d181599fab8ceebf4c849110ad571bea2834d6c8c95ae7da33856c42453f40,2999
- completed:
    pantry-tree:
      sha256: 71a850c658b70e869da19f61615d87d9d6ecec597f0e3d4b498da56559114829
      size: 1655
    hackage: primitive-0.7.4.0@sha256:89b88a3e08493b7727fa4089b0692bfbdf7e1e666ef54635f458644eb8358764,2857
  original:
    hackage: primitive-0.7.4.0@sha256:89b88a3e08493b7727fa4089b0692bfbdf7e1e666ef54635f458644eb8358764,2857
- completed:
    pantry-tree:
      sha256: 6415af6c7af19d83283a19407cbf9ece0dc9cf9be9a0d9560d0456247cfa0d00
      size: 531
    hackage: regex-base-0.94.0.2@sha256:4ff4425c710cddf440dfbac6cd52310bb6b23e17902390ff71c9fc7eaafc4fcc,2643
  original:
    hackage: regex-base-0.94.0.2@sha256:4ff4425c710cddf440dfbac6cd52310bb6b23e17902390ff71c9fc7eaafc4fcc,2643
- completed:
    pantry-tree:
      sha256: 63f9502667a393dc22ca34f42bb5b0241d9eb92938627f782a8ff89e52ece48e
      size: 748
    hackage: regex-posix-0.96.0.1@sha256:9dbba4b65a3bb6975d9740814be5593c6b2d2d6a0b3febc8ec940edb9a9bbdf4,2954
  original:
    hackage: regex-posix-0.96.0.1@sha256:9dbba4b65a3bb6975d9740814be5593c6b2d2d6a0b3febc8ec940edb9a9bbdf4,2954
- completed:
    pantry-tree:
      sha256: 397267a06a83fafe7a5a89eb68bdb4eb55421e7557deb21133b720389028b3aa
      size: 648
    hackage: resourcet-1.2.6@sha256:0c55be13d24c1e9c1e6d82327ac039a0bf41469c456e3ae678efa8a9beda3a74,1739
  original:
    hackage: resourcet-1.2.6@sha256:0c55be13d24c1e9c1e6d82327ac039a0bf41469c456e3ae678efa8a9beda3a74,1739
- completed:
    pantry-tree:
      sha256: 2e5436cd8a2d2fa045aadc7619aa06cf18f4f77d01b70d8c517213b718b69a2b
      size: 657
    hackage: scientific-0.3.7.0@sha256:76465a82beb2af6ea83ebd00684acc0ffe659e7da7066329931dc8f02fc97507,4826
  original:
    hackage: scientific-0.3.7.0@sha256:76465a82beb2af6ea83ebd00684acc0ffe659e7da7066329931dc8f02fc97507,4826
- completed:
    pantry-tree:
      sha256: 3ba68adbdcb1927d1bca9d9f3889cbe65e10fd3907675e35bb81271e74e59de6
      size: 537
    hackage: semialign-1.2.0.1@sha256:2ab22ab4f7e67028a745e549ae49f1ddecbd83e62d7e6ecce4ab0685410da536,2836
  original:
    hackage: semialign-1.2.0.1@sha256:2ab22ab4f7e67028a745e549ae49f1ddecbd83e62d7e6ecce4ab0685410da536,2836
- completed:
    pantry-tree:
      sha256: be6c94ef2a9901e3c642f23a36f2cef8053e3d05779d12c8e625954448d73c55
      size: 787
    hackage: simple-sendfile-0.2.30@sha256:c6893e159dc20eea6d0b805bfd8d9b73e6a6ba3fe72cc396acdc24fdcd33cc38,2676
  original:
    hackage: simple-sendfile-0.2.30@sha256:c6893e159dc20eea6d0b805bfd8d9b73e6a6ba3fe72cc396acdc24fdcd33cc38,2676
- completed:
    pantry-tree:
      sha256: 711456a76d9decbb1a18111503b20b2613ad0fcbd1da0d35f7e74ca406317b68
      size: 2947
    hackage: streaming-commons-0.2.2.4@sha256:cda37e6d0320ef05160bac35c180b3e980f9267bf00393af6578a632f1ea8429,4751
  original:
    hackage: streaming-commons-0.2.2.4@sha256:cda37e6d0320ef05160bac35c180b3e980f9267bf00393af6578a632f1ea8429,4751
- completed:
    pantry-tree:
      sha256: 2a8171b3ff2960552163a6e1dbb640b83e049f22a5b7764cc27c0941334496bd
      size: 654
    hackage: strict-0.4.0.1@sha256:d6205a748eb8db4cd17a7179be970c94598809709294ccfa43159c7f3cc4bf5d,4187
  original:
    hackage: strict-0.4.0.1@sha256:d6205a748eb8db4cd17a7179be970c94598809709294ccfa43159c7f3cc4bf5d,4187
- completed:
    pantry-tree:
      sha256: 4548d4f2d43e25a182ac6f5da34364c4a41a1da88468c671445a0bf2a70c130c
      size: 496
    hackage: tagged-0.8.6.1@sha256:29c67d98a4404607f024750ab9c7210dadcbbef4e1944c48c52902f2071b2662,2874
  original:
    hackage: tagged-0.8.6.1@sha256:29c67d98a4404607f024750ab9c7210dadcbbef4e1944c48c52902f2071b2662,2874
- completed:
    pantry-tree:
      sha256: 1fc6561c4acb94a41e58cd8f8c7cce161c18c5629dac63a54a9c62f9c778c52b
      size: 727
    hackage: text-short-0.1.5@sha256:962c6228555debdc46f758d0317dea16e5240d01419b42966674b08a5c3d8fa6,3498
  original:
    hackage: text-short-0.1.5@sha256:962c6228555debdc46f758d0317dea16e5240d01419b42966674b08a5c3d8fa6,3498
- completed:
    pantry-tree:
      sha256: cd2d3fd020b3c6b415e41c71b60999ca7dd14918b056e15e090f640cba1feed8
      size: 670
    hackage: th-abstraction-0.4.3.0@sha256:db4b3b69398acd8a7c5c8cc8a962da55d65d05d44d5039b51bd3cb5fb3d8400f,2148
  original:
    hackage: th-abstraction-0.4.3.0@sha256:db4b3b69398acd8a7c5c8cc8a962da55d65d05d44d5039b51bd3cb5fb3d8400f,2148
- completed:
    pantry-tree:
      sha256: 09a71077d04df022d79d341f69eb5dad8e8e103839b51f21a28920bba1e1ad9f
      size: 351
    hackage: these-1.1.1.1@sha256:f069e766b8fed73d457fca20cc197f5c539bcdd03d7636e478ddf14dbb67684a,2748
  original:
    hackage: these-1.1.1.1@sha256:f069e766b8fed73d457fca20cc197f5c539bcdd03d7636e478ddf14dbb67684a,2748
- completed:
    pantry-tree:
      sha256: b262c5ae8d72d2073d12e1de1863abd234fad8c138df28f32bb51bc232ced608
      size: 4113
    hackage: time-compat-1.9.6.1@sha256:42d8f2e08e965e1718917d54ad69e1d06bd4b87d66c41dc7410f59313dba4ed1,5033
  original:
    hackage: time-compat-1.9.6.1@sha256:42d8f2e08e965e1718917d54ad69e1d06bd4b87d66c41dc7410f59313dba4ed1,5033
- completed:
    pantry-tree:
      sha256: 8f5ff87a3d7eb8c01e1f309b580dafe1dc77d3334b0a161994c5fd3a6ed51385
      size: 217
    hackage: time-manager-0.0.0@sha256:d258b1d08f9b926823f5380e9201303b0ebeefe4f9e0047c0cbd7b6728135ee1,657
  original:
    hackage: time-manager-0.0.0@sha256:d258b1d08f9b926823f5380e9201303b0ebeefe4f9e0047c0cbd7b6728135ee1,657
- completed:
    pantry-tree:
      sha256: 530668be5ded77879c925433ec40e1e4f4a9113a8527410f8f282d3cf92eb950
      size: 1267
    hackage: unix-compat-0.6@sha256:db47d4ad77f3f865d162a531d9b759ed30e2722710a8358aa6df1d3fcf83f552,3569
  original:
    hackage: unix-compat-0.6@sha256:db47d4ad77f3f865d162a531d9b759ed30e2722710a8358aa6df1d3fcf83f552,3569
- completed:
    pantry-tree:
      sha256: bac61d98c6852bb5f80eabb0a82369f3b2760b965f66fd52738b1e22b1362798
      size: 2423
    hackage: unliftio-0.2.22.0@sha256:2a3f0298a293c48eddd10c25cbbd6206b6e745cee2e648e48e16531a3ef21ce8,3314
  original:
    hackage: unliftio-0.2.22.0@sha256:2a3f0298a293c48eddd10c25cbbd6206b6e745cee2e648e48e16531a3ef21ce8,3314
- completed:
    pantry-tree:
      sha256: 1870de393820b94af9efb8fcdd31940543569cdcd3d13296bc224438b2b107d8
      size: 1517
    hackage: unordered-containers-0.2.19.1@sha256:7d43e557b32a30eeac22e68b8430384bf829b0b2313761026a7f103395b047d5,3638
  original:
    hackage: unordered-containers-0.2.19.1@sha256:7d43e557b32a30eeac22e68b8430384bf829b0b2313761026a7f103395b047d5,3638
- completed:
    pantry-tree:
      sha256: 53d0b46a614d80bc1dfa5f51bffa7cab89a88dfe4f46d24b505cf696604f33b6
      size: 480
    hackage: uuid-types-1.0.5@sha256:8447b8a08723877400da13b6329b3fb19ea9e4c20fabe62888841eb3708d7474,2608
  original:
    hackage: uuid-types-1.0.5@sha256:8447b8a08723877400da13b6329b3fb19ea9e4c20fabe62888841eb3708d7474,2608
- completed:
    pantry-tree:
      sha256: dcfef7442499db8bd17b15cf9ab9753a23b3d6e564f08f08ce4daf059c42ff63
      size: 771
    hackage: vault-0.3.1.5@sha256:d1647db5a222db5e8abf5d9252a2912a34b70fc5160762dcc2213a209b54641d,2366
  original:
    hackage: vault-0.3.1.5@sha256:d1647db5a222db5e8abf5d9252a2912a34b70fc5160762dcc2213a209b54641d,2366
- completed:
    pantry-tree:
      sha256: 61263e71050e1c895bb67e4c0f05497419818e8e79b8bff9e3eabf17759e3232
      size: 4092
    hackage: vector-0.13.0.0@sha256:ec337a1371bc306658e8338612e975f37a3f7700716441608b7afb66ae356d4c,8774
  original:
    hackage: vector-0.13.0.0@sha256:ec337a1371bc306658e8338612e975f37a3f7700716441608b7afb66ae356d4c,8774
- completed:
    pantry-tree:
      sha256: e65ce23ad056ec07ff620d52b9c36c73a68d422dfca28e12e4c0d234f143389c
      size: 474
    hackage: wai-logger-2.4.0@sha256:630b3d573dce5c6a84dfb372d69f8d15f9dbb52d6a04df43e57a44f0ca0eab0a,1671
  original:
    hackage: wai-logger-2.4.0@sha256:630b3d573dce5c6a84dfb372d69f8d15f9dbb52d6a04df43e57a44f0ca0eab0a,1671
- completed:
    pantry-tree:
      sha256: 614b5410bc909e3f230d440c9c2de812d77490c955929ff8e4eed592e7696fcf
      size: 384
    hackage: witherable-0.4.2@sha256:cccb36175e088abb4291ee5044b8c04d71acd5c36636902d2520f91508dd4bb8,2294
  original:
    hackage: witherable-0.4.2@sha256:cccb36175e088abb4291ee5044b8c04d71acd5c36636902d2520f91508dd4bb8,2294
- completed:
    pantry-tree:
      sha256: f90debca29fa7b54bb82f1bc6843c827fcea96b5149af4dd0ed69dad73856f0e
      size: 478
    hackage: word8-0.1.3@sha256:e5464d0600821a116467d4b12fef12b15ff040c3599500e5f0274225e78c6faf,1397
  original:
    hackage: word8-0.1.3@sha256:e5464d0600821a116467d4b12fef12b15ff040c3599500e5f0274225e78c6faf,1397
- completed:
    pantry-tree:
      sha256: d81ffd09633c0417bcedbfc29f870cc843ec0750edd2f73c8fd60a5e5df278d2
      size: 1124
    hackage: x509-1.7.7@sha256:90eef2d745a654146fc1c325e035eaddac531e4d2145d4bc1dcf4b8fad439d34,2276
  original:
    hackage: x509-1.7.7@sha256:90eef2d745a654146fc1c325e035eaddac531e4d2145d4bc1dcf4b8fad439d34,2276
- completed:
    pantry-tree:
      sha256: c8bae7bc8c04b6c3593b48f19f1d626face90832f268f6857aba934bccd4272d
      size: 506
    hackage: appar-0.1.8@sha256:a5d529bacbb74d566e4c5f9479af0637eac5957705f6db4d2670517489795de8,1070
  original:
    hackage: appar-0.1.8@sha256:a5d529bacbb74d566e4c5f9479af0637eac5957705f6db4d2670517489795de8,1070
- completed:
    pantry-tree:
      sha256: 09963511234ed8fdd0682b10e8366de5105cc513d4daa014d7990496b788b122
      size: 981
    hackage: asn1-encoding-0.9.6@sha256:27ed8f6043aed79630313bb931f7c8e2b510f0b4586cd55c16ae040c7d1ea098,2060
  original:
    hackage: asn1-encoding-0.9.6@sha256:27ed8f6043aed79630313bb931f7c8e2b510f0b4586cd55c16ae040c7d1ea098,2060
- completed:
    pantry-tree:
      sha256: 2a6766aa05af5b045ff2d097b5f99621f983d471e254079ef4e56acff26b2248
      size: 212
    hackage: asn1-parse-0.9.5@sha256:77c0126d63070df2d82cb4cfa4febb26c4e280f6d854bc778c2fa4d80ce692b8,976
  original:
    hackage: asn1-parse-0.9.5@sha256:77c0126d63070df2d82cb4cfa4febb26c4e280f6d854bc778c2fa4d80ce692b8,976
- completed:
    pantry-tree:
      sha256: 254adba538008f12853e83b8909ba11ef11e9b8bcb1edc3a97dc6fdb29dad45a
      size: 525
    hackage: asn1-types-0.3.4@sha256:8e879b3a5bbdd0031232eb84d904b5a3a2c20a18847692b996d774f4ff811355,1025
  original:
    hackage: asn1-types-0.3.4@sha256:8e879b3a5bbdd0031232eb84d904b5a3a2c20a18847692b996d774f4ff811355,1025
- completed:
    pantry-tree:
      sha256: 760f0aa60d4beb6a893ae9f73f64f5e93dc4414487bc0c8dfa33dadffd338de9
      size: 290
    hackage: assoc-1.0.2@sha256:e0d9d1febc172e2a1b22aacd25df7f90be557dcf12ff87359f43128f8c194d9e,1237
  original:
    hackage: assoc-1.0.2@sha256:e0d9d1febc172e2a1b22aacd25df7f90be557dcf12ff87359f43128f8c194d9e,1237
- completed:
    pantry-tree:
      sha256: 08b8a9f8d2e27d51b04fb9c14f65e1209c7f24160d2a4557963900edb2c0f07d
      size: 501
    hackage: async-2.2.4@sha256:b83dec34a53520de84c6dd3dc7aae45d22409b46eb471c478b98108215a370f0,3095
  original:
    hackage: async-2.2.4@sha256:b83dec34a53520de84c6dd3dc7aae45d22409b46eb471c478b98108215a370f0,3095
- completed:
    pantry-tree:
      sha256: 1544dc41983f7fe963740d9a8ce2aec1daef17bcb0916fda253dbfa73a14c77a
      size: 212
    hackage: byteorder-1.0.4@sha256:a952817dcbe20af0346fb55a28c13e95e2ddbf3e99f9b4fffdc063f150f13b20,636
  original:
    hackage: byteorder-1.0.4@sha256:a952817dcbe20af0346fb55a28c13e95e2ddbf3e99f9b4fffdc063f150f13b20,636
- completed:
    pantry-tree:
      sha256: 6f3c2e83f91bde71a9ea9c3e8835e8a44958d0792c62f81cefaf1921a978b919
      size: 334
    hackage: cabal-doctest-1.0.9@sha256:ad465439405287582adfd0f80d1b2ae87307c2626c3cf0a58effef88ff808937,1501
  original:
    hackage: cabal-doctest-1.0.9@sha256:ad465439405287582adfd0f80d1b2ae87307c2626c3cf0a58effef88ff808937,1501
- completed:
    pantry-tree:
      sha256: 03f8e22f364deb86098dbfbe0bf83c896437b2355f139abdac0402658fb6ac7e
      size: 1183
    hackage: colour-2.3.6@sha256:ebdcbf15023958838a527e381ab3c3b1e99ed12d1b25efeb7feaa4ad8c37664a,2378
  original:
    hackage: colour-2.3.6@sha256:ebdcbf15023958838a527e381ab3c3b1e99ed12d1b25efeb7feaa4ad8c37664a,2378
- completed:
    pantry-tree:
      sha256: df1cbe4cc40d569cc75ffed40bc5deac43cb085653980b42b9b6a5d4b745a30a
      size: 23323
    hackage: cryptonite-0.30@sha256:12c85dea7be63e5ad90bcb487eb3846bf3c413347f94336fa1dede7b28f9936a,18301
  original:
    hackage: cryptonite-0.30@sha256:12c85dea7be63e5ad90bcb487eb3846bf3c413347f94336fa1dede7b28f9936a,18301
- completed:
    pantry-tree:
      sha256: 218acf3e0001825c43d70948e42a7b702de342fa34eab6fd41dd035a2f6ce8cf
      size: 417
    hackage: easy-file-0.2.2@sha256:72303120495a9fed82276a7987434361edd6dfecafad241d7c6c03b68e4801e5,1048
  original:
    hackage: easy-file-0.2.2@sha256:72303120495a9fed82276a7987434361edd6dfecafad241d7c6c03b68e4801e5,1048
- completed:
    pantry-tree:
      sha256: 2b452cfac948057203679468e3e856e7fdf884c3c051f42bc52ba6253ca896e0
      size: 1605
    hackage: hourglass-0.2.12@sha256:e083f5e030dfebe432e30a9c0fa07a99a54eac992f622442646be561fd7a44e8,3085
  original:
    hackage: hourglass-0.2.12@sha256:e083f5e030dfebe432e30a9c0fa07a99a54eac992f622442646be561fd7a44e8,3085
- completed:
    pantry-tree:
      sha256: 5fd36ec0df3d99a44300b9b405256da4affc5c3608a620d3781466186f30118f
      size: 480
    hackage: indexed-traversable-instances-0.1.1@sha256:8b3f359bf1ffb73ab2a3327a6985b3587ae38f6b8f7705dccd724e118e63a598,3246
  original:
    hackage: indexed-traversable-instances-0.1.1@sha256:8b3f359bf1ffb73ab2a3327a6985b3587ae38f6b8f7705dccd724e118e63a598,3246
- completed:
    pantry-tree:
      sha256: 804c8c0d77470f84640ee70c66155f770798e295c0a0572e41d071f69e24ca4e
      size: 865
    hackage: integer-logarithms-1.0.3.1@sha256:b65e11ec6f4b29c5278716da0544b951a49ab5310608df0fc41eec29f15691d9,3229
  original:
    hackage: integer-logarithms-1.0.3.1@sha256:b65e11ec6f4b29c5278716da0544b951a49ab5310608df0fc41eec29f15691d9,3229
- completed:
    pantry-tree:
      sha256: d63a3ac4e57e9b9288209eb4b01bc348309c6966f3e3ed5e9952f0803f78eb65
      size: 2436
    hackage: memory-0.17.0@sha256:c8809b0b3026193c813a88c1f626758c923fae7e0b0d6b96b91c6ce5e14173ec,4468
  original:
    hackage: memory-0.17.0@sha256:c8809b0b3026193c813a88c1f626758c923fae7e0b0d6b96b91c6ce5e14173ec,4468
- completed:
    pantry-tree:
      sha256: 9083de865faa459721e4e0dc5ebec891fa1a1796a1fcdd78588004a926d9f4cb
      size: 280
    hackage: network-byte-order-0.1.6@sha256:23d8b609ac43a69d04d5e8f411e5f86a0266c0e8b33b65f8c92ebda64273fe3a,1313
  original:
    hackage: network-byte-order-0.1.6@sha256:23d8b609ac43a69d04d5e8f411e5f86a0266c0e8b33b65f8c92ebda64273fe3a,1313
- completed:
    pantry-tree:
      sha256: 2413dd2c97c72d6e00330057b158973faa6336de068a9be4d6fdcfd474485f77
      size: 425
    hackage: pem-0.2.4@sha256:cc8e62118b783e284dc0fa032f54fe386a3861a948ec88079370a433c103a705,1441
  original:
    hackage: pem-0.2.4@sha256:cc8e62118b783e284dc0fa032f54fe386a3861a948ec88079370a433c103a705,1441
- completed:
    pantry-tree:
      sha256: b4ccb2bc60af99ae76d6f978a533698bfb931730972d4b4be0e22fef9cf60c85
      size: 1696
    hackage: psqueues-0.2.7.3@sha256:7213d78598d397255b1861df318d9b5058577f86a9b83a8b652540cbdbc83033,4834
  original:
    hackage: psqueues-0.2.7.3@sha256:7213d78598d397255b1861df318d9b5058577f86a9b83a8b652540cbdbc83033,4834
- completed:
    pantry-tree:
      sha256: 646ee77fe01178837ee928b61ae8653dcf190e9b5353ebebd094079c77a18b76
      size: 1528
    hackage: random-1.2.1.1@sha256:dea1f11e5569332dc6c8efaad1cb301016a5587b6754943a49f9de08ae0e56d9,6541
  original:
    hackage: random-1.2.1.1@sha256:dea1f11e5569332dc6c8efaad1cb301016a5587b6754943a49f9de08ae0e56d9,6541
- completed:
    pantry-tree:
      sha256: 1ddbcc4c07bb3a195e718ecd432caa37f9b25c4d4b3fe270d16f480a3d925c4a
      size: 2404
    hackage: semigroupoids-5.3.7@sha256:fb1a86c250997c269106645724a67bc358235245cf385b589f855ac070d4ada0,7488
  original:
    hackage: semigroupoids-5.3.7@sha256:fb1a86c250997c269106645724a67bc358235245cf385b589f855ac070d4ada0,7488
- completed:
    pantry-tree:
      sha256: 79f4645c11b7a3861db0b596297f72804f509444d639a8fd7c0162b1ed80c578
      size: 1519
    hackage: splitmix-0.1.0.4@sha256:714a55fd28d3e2533bd5b49e74f604ef8e5d7b06f249c8816f6c54aed431dcf1,6483
  original:
    hackage: splitmix-0.1.0.4@sha256:714a55fd28d3e2533bd5b49e74f604ef8e5d7b06f249c8816f6c54aed431dcf1,6483
- completed:
    pantry-tree:
      sha256: bc28cbe467d99caa6399e7cd85cf33548776bbd2c1e91369fe10268c9de546e6
      size: 1073
    hackage: unix-time-0.4.7@sha256:c0d971d04561875b908451c563df8728fe6d8639c90e070b244227f13f76ab8e,2570
  original:
    hackage: unix-time-0.4.7@sha256:c0d971d04561875b908451c563df8728fe6d8639c90e070b244227f13f76ab8e,2570
- completed:
    pantry-tree:
      sha256: 9955bc1336dd07c94928892f1a97aed6e5fe63a4242f089a0efd2e95174490ea
      size: 328
    hackage: unliftio-core-0.2.0.1@sha256:f9abcdd3f3d28e4840563efb7b8760d2de9b5707bcd6f53a87f6a0d77bb5a9f7,1082
  original:
    hackage: unliftio-core-0.2.0.1@sha256:f9abcdd3f3d28e4840563efb7b8760d2de9b5707bcd6f53a87f6a0d77bb5a9f7,1082
- completed:
    pantry-tree:
      sha256: 99de0751367cf53df872999edfb9e3c24207cf946442ccccf7487d74c7f12c1d
      size: 325
    hackage: vector-stream-0.1.0.0@sha256:5500b39bd69ba5384638db0b451c8eaf40ef52544355741bd73436b0da9ec3a8,1336
  original:
    hackage: vector-stream-0.1.0.0@sha256:5500b39bd69ba5384638db0b451c8eaf40ef52544355741bd73436b0da9ec3a8,1336
- completed:
    pantry-tree:
      sha256: 87b7fd16379d679eb01d9fae78b4db97356d301fce4a040ba9e690d16eeb98b2
      size: 2622
    hackage: zlib-0.6.3.0@sha256:8214a9d37580f17f8b675109578a5dbe6853559eef156e34dc2233f1123ace33,5216
  original:
    hackage: zlib-0.6.3.0@sha256:8214a9d37580f17f8b675109578a5dbe6853559eef156e34dc2233f1123ace33,5216
- completed:
    pantry-tree:
      sha256: 4704628ec7f2931fbb576a1212ebe4050de32f5d12c150a52d370be0a1df4554
      size: 5799
    hackage: basement-0.0.14@sha256:d28a94225234a9895abbf88cdbf171fdea8cb478d718479f06522238b2cc7e74,5403
  original:
    hackage: basement-0.0.14@sha256:d28a94225234a9895abbf88cdbf171fdea8cb478d718479f06522238b2cc7e74,5403
- completed:
    pantry-tree:
      sha256: 57bfb3fb91de3561aca360f5a6565ebda9e444e063fcf47d9fff3fb79c0a6abc
      size: 1758
    hackage: bifunctors-5.5.12@sha256:6c13bd960633e779673717f560209827d001486fc65e07c92c88867f6bf2050a,3794
  original:
    hackage: bifunctors-5.5.12@sha256:6c13bd960633e779673717f560209827d001486fc65e07c92c88867f6bf2050a,3794
- completed:
    pantry-tree:
      sha256: 394660fe7fa4127e5a181890bce28b9fcd6eb180ba25aa5566bc8b5bdd385517
      size: 1618
    hackage: comonad-5.0.8@sha256:1f1aabd73ec7f80f20cf078a748a60cd48d8e57277802fdf6a9ab3601a9b8f7e,3631
  original:
    hackage: comonad-5.0.8@sha256:1f1aabd73ec7f80f20cf078a748a60cd48d8e57277802fdf6a9ab3601a9b8f7e,3631
- completed:
    pantry-tree:
      sha256: 9eb62fea28548dc8a0f60fd47c12843092b78b24ed771b8ad63a0bb34dba8bc4
      size: 652
    hackage: contravariant-1.5.5@sha256:470ed0e040e879e2da4af1b2c8f94e199f6135852a8107858d5ae0a95365835f,3041
  original:
    hackage: contravariant-1.5.5@sha256:470ed0e040e879e2da4af1b2c8f94e199f6135852a8107858d5ae0a95365835f,3041
- completed:
    pantry-tree:
      sha256: a42bed5fe0ba295643538312dee6c9436314c05a6f7efdd32b4303979f8bd744
      size: 735
    hackage: distributive-0.6.2.1@sha256:0f99f5541cca04acf89b64432b03422b6408e830a8dff30e6c4334ef1a48680c,2996
  original:
    hackage: distributive-0.6.2.1@sha256:0f99f5541cca04acf89b64432b03422b6408e830a8dff30e6c4334ef1a48680c,2996
- completed:
    pantry-tree:
      sha256: 890bbbdf4175a409efd7c7c9fe153b71680e33bebeb74c9351d7d9d3a59d3d0e
      size: 810
    hackage: old-time-1.1.0.3@sha256:c91fbb3ee73d20ccd015842b30f1f29a304893ebe0ae3128b7bbc13d5bb0d4c8,1328
  original:
    hackage: old-time-1.1.0.3@sha256:c91fbb3ee73d20ccd015842b30f1f29a304893ebe0ae3128b7bbc13d5bb0d4c8,1328
- completed:
    pantry-tree:
      sha256: 204cac98219e99334f47b12c565945611748ea03a4d629273dd697d738bcfd7f
      size: 314
    hackage: StateVar-1.2.2@sha256:3c022c00485fe165e3080d5da6b3ca9c9b02f62c5deebc584d1b3d1309ce673e,1673
  original:
    hackage: StateVar-1.2.2@sha256:3c022c00485fe165e3080d5da6b3ca9c9b02f62c5deebc584d1b3d1309ce673e,1673
- completed:
    pantry-tree:
      sha256: 462ef15cb35164d585aa3860f717c9685fbf05578330490860abd544381d2e24
      size: 263
    hackage: old-locale-1.0.0.7@sha256:fa998be2c7e00cd26a6e9075bea790caaf3932caa3e9497ad69bc20380dd6911,1071
  original:
    hackage: old-locale-1.0.0.7@sha256:fa998be2c7e00cd26a6e9075bea790caaf3932caa3e9497ad69bc20380dd6911,1071
- completed:
    pantry-tree:
      sha256: e999ae7690fc1e13bb471bc1ead6d7a5c245843d17862d3d27f7f0f752513257
      size: 210
    hackage: Only-0.1@sha256:f92f5da97e647451f1ee7f5bf44914fb75062d08ccd3f36b2000d649c63d13aa,1373
  original:
    hackage: Only-0.1@sha256:f92f5da97e647451f1ee7f5bf44914fb75062d08ccd3f36b2000d649c63d13aa,1373
- completed:
    pantry-tree:
      sha256: cbfed55bf3b55fa213e9635423b69db89ff797e68b29bd8f9e62eef843c3524b
      size: 1393
    hackage: bytestring-builder-0.10.8.2.0@sha256:6b2b812cdac53f5a2c82376a416dde04adbb5ca3e1604c0d075368a0498f762b,3781
  original:
    hackage: bytestring-builder-0.10.8.2.0@sha256:6b2b812cdac53f5a2c82376a416dde04adbb5ca3e1604c0d075368a0498f762b,3781
- completed:
    pantry-tree:
      sha256: 7bd567268aa7219e2ae3e66f9ec716c9433f0c593f8e0614ff97539befe61ed4
      size: 629
    hackage: postgresql-libpq-0.9.4.3@sha256:d64bee309b4f7fe5eb3b78c238c5144720cad903e31432fc868b58b98ba49fd8,2817
  original:
    hackage: postgresql-libpq-0.9.4.3@sha256:d64bee309b4f7fe5eb3b78c238c5144720cad903e31432fc868b58b98ba49fd8,2817
snapshots: []
